
Microsoft Visual Studio Solution File, Format Version 12.00
# Visual Studio Version 17
VisualStudioVersion = 17.11.35327.3
MinimumVisualStudioVersion = 10.0.40219.1
Project("{FAE04EC0-301F-11D3-BF4B-00C04F79EFBC}") = "Demo2", "Demo2\Demo2.csproj", "{35EA00CD-627E-4B11-BA2E-B859DFC08C67}"
EndProject
Global
	GlobalSection(SolutionConfigurationPlatforms) = preSolution
		Debug|Any CPU = Debug|Any CPU
		Release|Any CPU = Release|Any CPU
	EndGlobalSection
	GlobalSection(ProjectConfigurationPlatforms) = postSolution
		{35EA00CD-627E-4B11-BA2E-B859DFC08C67}.Debug|Any CPU.ActiveCfg = Debug|Any CPU
		{35EA00CD-627E-4B11-BA2E-B859DFC08C67}.Debug|Any CPU.Build.0 = Debug|Any CPU
		{35EA00CD-627E-4B11-BA2E-B859DFC08C67}.Release|Any CPU.ActiveCfg = Release|Any CPU
		{35EA00CD-627E-4B11-BA2E-B859DFC08C67}.Release|Any CPU.Build.0 = Release|Any CPU
	EndGlobalSection
	GlobalSection(SolutionProperties) = preSolution
		HideSolutionNode = FALSE
	EndGlobalSection
	GlobalSection(ExtensibilityGlobals) = postSolution
		SolutionGuid = {75101D2D-E678-4066-9288-7B2A0E71DE37}
	EndGlobalSection
EndGlobal
